
Microsoft Visual Studio Solution File, Format Version 12.00
# Visual Studio Version 17
VisualStudioVersion = 17.11.35219.272
MinimumVisualStudioVersion = 10.0.40219.1
Project("{FAE04EC0-301F-11D3-BF4B-00C04F79EFBC}") = "ShiftItUpServer", "ShiftItUpServer\ShiftItUpServer.csproj", "{3A58E816-EA5B-4733-BDBB-0AB6401DACD8}"
EndProject
Global
	GlobalSection(SolutionConfigurationPlatforms) = preSolution
		Debug|Any CPU = Debug|Any CPU
		Release|Any CPU = Release|Any CPU
	EndGlobalSection
	GlobalSection(ProjectConfigurationPlatforms) = postSolution
		{3A58E816-EA5B-4733-BDBB-0AB6401DACD8}.Debug|Any CPU.ActiveCfg = Debug|Any CPU
		{3A58E816-EA5B-4733-BDBB-0AB6401DACD8}.Debug|Any CPU.Build.0 = Debug|Any CPU
		{3A58E816-EA5B-4733-BDBB-0AB6401DACD8}.Release|Any CPU.ActiveCfg = Release|Any CPU
		{3A58E816-EA5B-4733-BDBB-0AB6401DACD8}.Release|Any CPU.Build.0 = Release|Any CPU
	EndGlobalSection
	GlobalSection(SolutionProperties) = preSolution
		HideSolutionNode = FALSE
	EndGlobalSection
	GlobalSection(ExtensibilityGlobals) = postSolution
		SolutionGuid = {5C0ED854-29F6-4F74-B114-BEAA1E073013}
	EndGlobalSection
EndGlobal
